// !$*UTF8*$!
{
	archiveVersion = 1;
	classes = {
	};
	objectVersion = 55;
	objects = {

/* Begin PBXBuildFile section */
		C805C1D527FC370D00544537 /* ChattAppRealmApp.swift in Sources */ = {isa = PBXBuildFile; fileRef = C805C1D427FC370D00544537 /* ChattAppRealmApp.swift */; };
		C805C1D727FC370D00544537 /* ContentView.swift in Sources */ = {isa = PBXBuildFile; fileRef = C805C1D627FC370D00544537 /* ContentView.swift */; };
		C805C1D927FC370F00544537 /* Assets.xcassets in Resources */ = {isa = PBXBuildFile; fileRef = C805C1D827FC370F00544537 /* Assets.xcassets */; };
		C805C1DC27FC370F00544537 /* Preview Assets.xcassets in Resources */ = {isa = PBXBuildFile; fileRef = C805C1DB27FC370F00544537 /* Preview Assets.xcassets */; };
		C805C1E427FC3BA700544537 /* Realm in Frameworks */ = {isa = PBXBuildFile; productRef = C805C1E327FC3BA700544537 /* Realm */; };
		C805C1E627FC3BA700544537 /* RealmSwift in Frameworks */ = {isa = PBXBuildFile; productRef = C805C1E527FC3BA700544537 /* RealmSwift */; };
		C805C22027FC6EC400544537 /* MessagesView.swift in Sources */ = {isa = PBXBuildFile; fileRef = C805C21F27FC6EC400544537 /* MessagesView.swift */; };
		C805C22227FC6F4700544537 /* NewChatView.swift in Sources */ = {isa = PBXBuildFile; fileRef = C805C22127FC6F4700544537 /* NewChatView.swift */; };
		C805C22527FC71AC00544537 /* ChatRow.swift in Sources */ = {isa = PBXBuildFile; fileRef = C805C22427FC71AC00544537 /* ChatRow.swift */; };
		C805C22827FDBA2D00544537 /* FirebaseAnalytics in Frameworks */ = {isa = PBXBuildFile; productRef = C805C22727FDBA2D00544537 /* FirebaseAnalytics */; };
		C805C22A27FDBA2D00544537 /* FirebaseAuth in Frameworks */ = {isa = PBXBuildFile; productRef = C805C22927FDBA2D00544537 /* FirebaseAuth */; };
		C805C22C27FDBA2D00544537 /* FirebaseFirestore in Frameworks */ = {isa = PBXBuildFile; productRef = C805C22B27FDBA2D00544537 /* FirebaseFirestore */; };
		C805C22E27FDBA2D00544537 /* FirebaseFirestoreSwift-Beta in Frameworks */ = {isa = PBXBuildFile; productRef = C805C22D27FDBA2D00544537 /* FirebaseFirestoreSwift-Beta */; };
		C805C23027FDBA2D00544537 /* FirebaseStorage in Frameworks */ = {isa = PBXBuildFile; productRef = C805C22F27FDBA2D00544537 /* FirebaseStorage */; };
		C805C23227FDBC5600544537 /* GoogleService-Info.plist in Resources */ = {isa = PBXBuildFile; fileRef = C805C23127FDBC5600544537 /* GoogleService-Info.plist */; };
		C805C23427FDD6C900544537 /* User.swift in Sources */ = {isa = PBXBuildFile; fileRef = C805C23327FDD6C900544537 /* User.swift */; };
		C805C23727FEC08300544537 /* Contact.swift in Sources */ = {isa = PBXBuildFile; fileRef = C805C23627FEC08300544537 /* Contact.swift */; };
		C805C23927FEC8F000544537 /* FirestoreContactDao.swift in Sources */ = {isa = PBXBuildFile; fileRef = C805C23827FEC8F000544537 /* FirestoreContactDao.swift */; };
		C805C23C27FF169C00544537 /* FirestoreMessageDao.swift in Sources */ = {isa = PBXBuildFile; fileRef = C805C23B27FF169B00544537 /* FirestoreMessageDao.swift */; };
		C805C23E27FF17E900544537 /* Message.swift in Sources */ = {isa = PBXBuildFile; fileRef = C805C23D27FF17E800544537 /* Message.swift */; };
		C805C240280053AC00544537 /* FirestoreChatDao.swift in Sources */ = {isa = PBXBuildFile; fileRef = C805C23F280053AC00544537 /* FirestoreChatDao.swift */; };
		C805C24228005A5100544537 /* Chat.swift in Sources */ = {isa = PBXBuildFile; fileRef = C805C24128005A5100544537 /* Chat.swift */; };
		C805C244280575B800544537 /* MessageRow.swift in Sources */ = {isa = PBXBuildFile; fileRef = C805C243280575B800544537 /* MessageRow.swift */; };
		C81FFB032806F91900B89F49 /* StorageManager.swift in Sources */ = {isa = PBXBuildFile; fileRef = C81FFB022806F91900B89F49 /* StorageManager.swift */; };
		C81FFB052806FED700B89F49 /* PhotoPicker.swift in Sources */ = {isa = PBXBuildFile; fileRef = C81FFB042806FED700B89F49 /* PhotoPicker.swift */; };
		C827276327FF0BF400ABF4B7 /* UserDao.swift in Sources */ = {isa = PBXBuildFile; fileRef = C827276227FF0BF400ABF4B7 /* UserDao.swift */; };
		C827276527FF0C7600ABF4B7 /* LoginView.swift in Sources */ = {isa = PBXBuildFile; fileRef = C827276427FF0C7600ABF4B7 /* LoginView.swift */; };
		C827276727FF0D9D00ABF4B7 /* ChatsView.swift in Sources */ = {isa = PBXBuildFile; fileRef = C827276627FF0D9D00ABF4B7 /* ChatsView.swift */; };
		C86EA7822806FF3400CDEE79 /* KeyboardManager.swift in Sources */ = {isa = PBXBuildFile; fileRef = C86EA7812806FF3400CDEE79 /* KeyboardManager.swift */; };
		C8838F1D28129A2E00B57573 /* ChangePasswordSheet.swift in Sources */ = {isa = PBXBuildFile; fileRef = C8838F1C28129A2E00B57573 /* ChangePasswordSheet.swift */; };
		C8838F1F2812AADA00B57573 /* SecureInputView.swift in Sources */ = {isa = PBXBuildFile; fileRef = C8838F1E2812AADA00B57573 /* SecureInputView.swift */; };
		C8838F212812AB3A00B57573 /* RegisterView.swift in Sources */ = {isa = PBXBuildFile; fileRef = C8838F202812AB3A00B57573 /* RegisterView.swift */; };
		C8838F232812AC0C00B57573 /* Validators.swift in Sources */ = {isa = PBXBuildFile; fileRef = C8838F222812AC0C00B57573 /* Validators.swift */; };
		C8838F252812AE8B00B57573 /* ErrorInfo.swift in Sources */ = {isa = PBXBuildFile; fileRef = C8838F242812AE8B00B57573 /* ErrorInfo.swift */; };
		C8CA38F728117E780034F28D /* TimestampFormatter.swift in Sources */ = {isa = PBXBuildFile; fileRef = C8CA38F628117E780034F28D /* TimestampFormatter.swift */; };
		C8DD355D2806B8A600DE7F75 /* ProfilePic.swift in Sources */ = {isa = PBXBuildFile; fileRef = C8DD355C2806B8A600DE7F75 /* ProfilePic.swift */; };
		C8DDC641280414CF003987F7 /* AppData.swift in Sources */ = {isa = PBXBuildFile; fileRef = C8DDC640280414CF003987F7 /* AppData.swift */; };
		C8DDC643280426B8003987F7 /* UserInfoView.swift in Sources */ = {isa = PBXBuildFile; fileRef = C8DDC642280426B8003987F7 /* UserInfoView.swift */; };
		C8F4548328114764008023A4 /* RealmChatDao.swift in Sources */ = {isa = PBXBuildFile; fileRef = C8F4548228114764008023A4 /* RealmChatDao.swift */; };
		C8F454852811476F008023A4 /* RealmMessageDao.swift in Sources */ = {isa = PBXBuildFile; fileRef = C8F454842811476F008023A4 /* RealmMessageDao.swift */; };
		C8F4548728114843008023A4 /* UserManager.swift in Sources */ = {isa = PBXBuildFile; fileRef = C8F4548628114843008023A4 /* UserManager.swift */; };
		C8F45489281150AF008023A4 /* ManageLoginData.swift in Sources */ = {isa = PBXBuildFile; fileRef = C8F45488281150AF008023A4 /* ManageLoginData.swift */; };
		C8F4548C28119222008023A4 /* NavigateExtension.swift in Sources */ = {isa = PBXBuildFile; fileRef = C8F4548B28119222008023A4 /* NavigateExtension.swift */; };
		C8F67CEE2809BA5700BA02EE /* Reachability.swift in Sources */ = {isa = PBXBuildFile; fileRef = C8F67CED2809BA5700BA02EE /* Reachability.swift */; };
/* End PBXBuildFile section */

/* Begin PBXFileReference section */
		C805C1D127FC370D00544537 /* ChattAppRealm.app */ = {isa = PBXFileReference; explicitFileType = wrapper.application; includeInIndex = 0; path = ChattAppRealm.app; sourceTree = BUILT_PRODUCTS_DIR; };
		C805C1D427FC370D00544537 /* ChattAppRealmApp.swift */ = {isa = PBXFileReference; lastKnownFileType = sourcecode.swift; path = ChattAppRealmApp.swift; sourceTree = "<group>"; };
		C805C1D627FC370D00544537 /* ContentView.swift */ = {isa = PBXFileReference; lastKnownFileType = sourcecode.swift; path = ContentView.swift; sourceTree = "<group>"; };
		C805C1D827FC370F00544537 /* Assets.xcassets */ = {isa = PBXFileReference; lastKnownFileType = folder.assetcatalog; path = Assets.xcassets; sourceTree = "<group>"; };
		C805C1DB27FC370F00544537 /* Preview Assets.xcassets */ = {isa = PBXFileReference; lastKnownFileType = folder.assetcatalog; path = "Preview Assets.xcassets"; sourceTree = "<group>"; };
		C805C21F27FC6EC400544537 /* MessagesView.swift */ = {isa = PBXFileReference; lastKnownFileType = sourcecode.swift; path = MessagesView.swift; sourceTree = "<group>"; };
		C805C22127FC6F4700544537 /* NewChatView.swift */ = {isa = PBXFileReference; lastKnownFileType = sourcecode.swift; path = NewChatView.swift; sourceTree = "<group>"; };
		C805C22427FC71AC00544537 /* ChatRow.swift */ = {isa = PBXFileReference; lastKnownFileType = sourcecode.swift; path = ChatRow.swift; sourceTree = "<group>"; };
		C805C23127FDBC5600544537 /* GoogleService-Info.plist */ = {isa = PBXFileReference; fileEncoding = 4; lastKnownFileType = text.plist.xml; path = "GoogleService-Info.plist"; sourceTree = "<group>"; };
		C805C23327FDD6C900544537 /* User.swift */ = {isa = PBXFileReference; lastKnownFileType = sourcecode.swift; path = User.swift; sourceTree = "<group>"; };
		C805C23627FEC08300544537 /* Contact.swift */ = {isa = PBXFileReference; lastKnownFileType = sourcecode.swift; path = Contact.swift; sourceTree = "<group>"; };
		C805C23827FEC8F000544537 /* FirestoreContactDao.swift */ = {isa = PBXFileReference; lastKnownFileType = sourcecode.swift; path = FirestoreContactDao.swift; sourceTree = "<group>"; };
		C805C23B27FF169B00544537 /* FirestoreMessageDao.swift */ = {isa = PBXFileReference; lastKnownFileType = sourcecode.swift; path = FirestoreMessageDao.swift; sourceTree = "<group>"; };
		C805C23D27FF17E800544537 /* Message.swift */ = {isa = PBXFileReference; lastKnownFileType = sourcecode.swift; path = Message.swift; sourceTree = "<group>"; };
		C805C23F280053AC00544537 /* FirestoreChatDao.swift */ = {isa = PBXFileReference; lastKnownFileType = sourcecode.swift; path = FirestoreChatDao.swift; sourceTree = "<group>"; };
		C805C24128005A5100544537 /* Chat.swift */ = {isa = PBXFileReference; lastKnownFileType = sourcecode.swift; path = Chat.swift; sourceTree = "<group>"; };
		C805C243280575B800544537 /* MessageRow.swift */ = {isa = PBXFileReference; lastKnownFileType = sourcecode.swift; path = MessageRow.swift; sourceTree = "<group>"; };
		C81FFB022806F91900B89F49 /* StorageManager.swift */ = {isa = PBXFileReference; lastKnownFileType = sourcecode.swift; path = StorageManager.swift; sourceTree = "<group>"; };
		C81FFB042806FED700B89F49 /* PhotoPicker.swift */ = {isa = PBXFileReference; lastKnownFileType = sourcecode.swift; path = PhotoPicker.swift; sourceTree = "<group>"; };
		C827276227FF0BF400ABF4B7 /* UserDao.swift */ = {isa = PBXFileReference; lastKnownFileType = sourcecode.swift; path = UserDao.swift; sourceTree = "<group>"; };
		C827276427FF0C7600ABF4B7 /* LoginView.swift */ = {isa = PBXFileReference; lastKnownFileType = sourcecode.swift; path = LoginView.swift; sourceTree = "<group>"; };
		C827276627FF0D9D00ABF4B7 /* ChatsView.swift */ = {isa = PBXFileReference; lastKnownFileType = sourcecode.swift; path = ChatsView.swift; sourceTree = "<group>"; };
		C86EA7812806FF3400CDEE79 /* KeyboardManager.swift */ = {isa = PBXFileReference; lastKnownFileType = sourcecode.swift; path = KeyboardManager.swift; sourceTree = "<group>"; };
		C8838F1C28129A2E00B57573 /* ChangePasswordSheet.swift */ = {isa = PBXFileReference; lastKnownFileType = sourcecode.swift; path = ChangePasswordSheet.swift; sourceTree = "<group>"; };
		C8838F1E2812AADA00B57573 /* SecureInputView.swift */ = {isa = PBXFileReference; lastKnownFileType = sourcecode.swift; path = SecureInputView.swift; sourceTree = "<group>"; };
		C8838F202812AB3A00B57573 /* RegisterView.swift */ = {isa = PBXFileReference; lastKnownFileType = sourcecode.swift; path = RegisterView.swift; sourceTree = "<group>"; };
		C8838F222812AC0C00B57573 /* Validators.swift */ = {isa = PBXFileReference; lastKnownFileType = sourcecode.swift; path = Validators.swift; sourceTree = "<group>"; };
		C8838F242812AE8B00B57573 /* ErrorInfo.swift */ = {isa = PBXFileReference; lastKnownFileType = sourcecode.swift; name = ErrorInfo.swift; path = ../../../../../Downloads/ErrorInfo.swift; sourceTree = "<group>"; };
		C8CA38F628117E780034F28D /* TimestampFormatter.swift */ = {isa = PBXFileReference; lastKnownFileType = sourcecode.swift; path = TimestampFormatter.swift; sourceTree = "<group>"; };
		C8DD355C2806B8A600DE7F75 /* ProfilePic.swift */ = {isa = PBXFileReference; lastKnownFileType = sourcecode.swift; path = ProfilePic.swift; sourceTree = "<group>"; };
		C8DDC640280414CF003987F7 /* AppData.swift */ = {isa = PBXFileReference; lastKnownFileType = sourcecode.swift; path = AppData.swift; sourceTree = "<group>"; };
		C8DDC642280426B8003987F7 /* UserInfoView.swift */ = {isa = PBXFileReference; lastKnownFileType = sourcecode.swift; path = UserInfoView.swift; sourceTree = "<group>"; };
		C8F4548228114764008023A4 /* RealmChatDao.swift */ = {isa = PBXFileReference; lastKnownFileType = sourcecode.swift; path = RealmChatDao.swift; sourceTree = "<group>"; };
		C8F454842811476F008023A4 /* RealmMessageDao.swift */ = {isa = PBXFileReference; lastKnownFileType = sourcecode.swift; path = RealmMessageDao.swift; sourceTree = "<group>"; };
		C8F4548628114843008023A4 /* UserManager.swift */ = {isa = PBXFileReference; lastKnownFileType = sourcecode.swift; path = UserManager.swift; sourceTree = "<group>"; };
		C8F45488281150AF008023A4 /* ManageLoginData.swift */ = {isa = PBXFileReference; lastKnownFileType = sourcecode.swift; path = ManageLoginData.swift; sourceTree = "<group>"; };
		C8F4548B28119222008023A4 /* NavigateExtension.swift */ = {isa = PBXFileReference; lastKnownFileType = sourcecode.swift; path = NavigateExtension.swift; sourceTree = "<group>"; };
		C8F67CED2809BA5700BA02EE /* Reachability.swift */ = {isa = PBXFileReference; lastKnownFileType = sourcecode.swift; path = Reachability.swift; sourceTree = "<group>"; };
/* End PBXFileReference section */

/* Begin PBXFrameworksBuildPhase section */
		C805C1CE27FC370D00544537 /* Frameworks */ = {
			isa = PBXFrameworksBuildPhase;
			buildActionMask = 2147483647;
			files = (
				C805C1E627FC3BA700544537 /* RealmSwift in Frameworks */,
				C805C1E427FC3BA700544537 /* Realm in Frameworks */,
				C805C22827FDBA2D00544537 /* FirebaseAnalytics in Frameworks */,
				C805C22E27FDBA2D00544537 /* FirebaseFirestoreSwift-Beta in Frameworks */,
				C805C23027FDBA2D00544537 /* FirebaseStorage in Frameworks */,
				C805C22C27FDBA2D00544537 /* FirebaseFirestore in Frameworks */,
				C805C22A27FDBA2D00544537 /* FirebaseAuth in Frameworks */,
			);
			runOnlyForDeploymentPostprocessing = 0;
		};
/* End PBXFrameworksBuildPhase section */

/* Begin PBXGroup section */
		C805C1C827FC370D00544537 = {
			isa = PBXGroup;
			children = (
				C805C1D327FC370D00544537 /* ChattAppRealm */,
				C805C1D227FC370D00544537 /* Products */,
			);
			sourceTree = "<group>";
		};
		C805C1D227FC370D00544537 /* Products */ = {
			isa = PBXGroup;
			children = (
				C805C1D127FC370D00544537 /* ChattAppRealm.app */,
			);
			name = Products;
			sourceTree = "<group>";
		};
		C805C1D327FC370D00544537 /* ChattAppRealm */ = {
			isa = PBXGroup;
			children = (
				C8F4548A281191F8008023A4 /* Tools */,
				C8F4548128114750008023A4 /* Realm */,
				C827276127FF0BDD00ABF4B7 /* Controller */,
				C805C23A27FEC8F500544537 /* Firestore */,
				C805C23527FEC06C00544537 /* Models */,
				C805C22327FC719200544537 /* Components */,
				C805C21E27FC686500544537 /* Views */,
				C805C1D427FC370D00544537 /* ChattAppRealmApp.swift */,
				C805C1D827FC370F00544537 /* Assets.xcassets */,
				C805C23127FDBC5600544537 /* GoogleService-Info.plist */,
				C805C1DA27FC370F00544537 /* Preview Content */,
			);
			path = ChattAppRealm;
			sourceTree = "<group>";
		};
		C805C1DA27FC370F00544537 /* Preview Content */ = {
			isa = PBXGroup;
			children = (
				C805C1DB27FC370F00544537 /* Preview Assets.xcassets */,
			);
			path = "Preview Content";
			sourceTree = "<group>";
		};
		C805C21E27FC686500544537 /* Views */ = {
			isa = PBXGroup;
			children = (
				C805C1D627FC370D00544537 /* ContentView.swift */,
				C805C22127FC6F4700544537 /* NewChatView.swift */,
				C805C21F27FC6EC400544537 /* MessagesView.swift */,
				C827276427FF0C7600ABF4B7 /* LoginView.swift */,
				C827276627FF0D9D00ABF4B7 /* ChatsView.swift */,
				C8DDC642280426B8003987F7 /* UserInfoView.swift */,
				C8838F1C28129A2E00B57573 /* ChangePasswordSheet.swift */,
				C8838F202812AB3A00B57573 /* RegisterView.swift */,
			);
			path = Views;
			sourceTree = "<group>";
		};
		C805C22327FC719200544537 /* Components */ = {
			isa = PBXGroup;
			children = (
				C805C22427FC71AC00544537 /* ChatRow.swift */,
				C805C243280575B800544537 /* MessageRow.swift */,
				C8DD355C2806B8A600DE7F75 /* ProfilePic.swift */,
				C8838F1E2812AADA00B57573 /* SecureInputView.swift */,
			);
			path = Components;
			sourceTree = "<group>";
		};
		C805C23527FEC06C00544537 /* Models */ = {
			isa = PBXGroup;
			children = (
				C805C23327FDD6C900544537 /* User.swift */,
				C805C23627FEC08300544537 /* Contact.swift */,
				C805C24128005A5100544537 /* Chat.swift */,
				C805C23D27FF17E800544537 /* Message.swift */,
				C8838F242812AE8B00B57573 /* ErrorInfo.swift */,
			);
			path = Models;
			sourceTree = "<group>";
		};
		C805C23A27FEC8F500544537 /* Firestore */ = {
			isa = PBXGroup;
			children = (
				C805C23827FEC8F000544537 /* FirestoreContactDao.swift */,
				C805C23F280053AC00544537 /* FirestoreChatDao.swift */,
				C805C23B27FF169B00544537 /* FirestoreMessageDao.swift */,
				C81FFB022806F91900B89F49 /* StorageManager.swift */,
			);
			path = Firestore;
			sourceTree = "<group>";
		};
		C827276127FF0BDD00ABF4B7 /* Controller */ = {
			isa = PBXGroup;
			children = (
				C8DDC640280414CF003987F7 /* AppData.swift */,
				C81FFB042806FED700B89F49 /* PhotoPicker.swift */,
				C8F4548628114843008023A4 /* UserManager.swift */,
				C8F45488281150AF008023A4 /* ManageLoginData.swift */,
				C8CA38F628117E780034F28D /* TimestampFormatter.swift */,
			);
			path = Controller;
			sourceTree = "<group>";
		};
		C8F4548128114750008023A4 /* Realm */ = {
			isa = PBXGroup;
			children = (
				C827276227FF0BF400ABF4B7 /* UserDao.swift */,
				C8F4548228114764008023A4 /* RealmChatDao.swift */,
				C8F454842811476F008023A4 /* RealmMessageDao.swift */,
			);
			path = Realm;
			sourceTree = "<group>";
		};
		C8F4548A281191F8008023A4 /* Tools */ = {
			isa = PBXGroup;
			children = (
				C86EA7812806FF3400CDEE79 /* KeyboardManager.swift */,
				C8F67CED2809BA5700BA02EE /* Reachability.swift */,
				C8F4548B28119222008023A4 /* NavigateExtension.swift */,
				C8838F222812AC0C00B57573 /* Validators.swift */,
			);
			path = Tools;
			sourceTree = "<group>";
		};
/* End PBXGroup section */

/* Begin PBXNativeTarget section */
		C805C1D027FC370D00544537 /* ChattAppRealm */ = {
			isa = PBXNativeTarget;
			buildConfigurationList = C805C1DF27FC370F00544537 /* Build configuration list for PBXNativeTarget "ChattAppRealm" */;
			buildPhases = (
				C805C1CD27FC370D00544537 /* Sources */,
				C805C1CE27FC370D00544537 /* Frameworks */,
				C805C1CF27FC370D00544537 /* Resources */,
			);
			buildRules = (
			);
			dependencies = (
			);
			name = ChattAppRealm;
			packageProductDependencies = (
				C805C1E327FC3BA700544537 /* Realm */,
				C805C1E527FC3BA700544537 /* RealmSwift */,
				C805C22727FDBA2D00544537 /* FirebaseAnalytics */,
				C805C22927FDBA2D00544537 /* FirebaseAuth */,
				C805C22B27FDBA2D00544537 /* FirebaseFirestore */,
				C805C22D27FDBA2D00544537 /* FirebaseFirestoreSwift-Beta */,
				C805C22F27FDBA2D00544537 /* FirebaseStorage */,
			);
			productName = ChattAppRealm;
			productReference = C805C1D127FC370D00544537 /* ChattAppRealm.app */;
			productType = "com.apple.product-type.application";
		};
/* End PBXNativeTarget section */

/* Begin PBXProject section */
		C805C1C927FC370D00544537 /* Project object */ = {
			isa = PBXProject;
			attributes = {
				BuildIndependentTargetsInParallel = 1;
				LastSwiftUpdateCheck = 1320;
				LastUpgradeCheck = 1320;
				TargetAttributes = {
					C805C1D027FC370D00544537 = {
						CreatedOnToolsVersion = 13.2.1;
					};
				};
			};
			buildConfigurationList = C805C1CC27FC370D00544537 /* Build configuration list for PBXProject "ChattAppRealm" */;
			compatibilityVersion = "Xcode 13.0";
			developmentRegion = en;
			hasScannedForEncodings = 0;
			knownRegions = (
				en,
				Base,
			);
			mainGroup = C805C1C827FC370D00544537;
			packageReferences = (
				C805C1E227FC3BA600544537 /* XCRemoteSwiftPackageReference "realm-swift" */,
				C805C22627FDBA2C00544537 /* XCRemoteSwiftPackageReference "firebase-ios-sdk" */,
			);
			productRefGroup = C805C1D227FC370D00544537 /* Products */;
			projectDirPath = "";
			projectRoot = "";
			targets = (
				C805C1D027FC370D00544537 /* ChattAppRealm */,
			);
		};
/* End PBXProject section */

/* Begin PBXResourcesBuildPhase section */
		C805C1CF27FC370D00544537 /* Resources */ = {
			isa = PBXResourcesBuildPhase;
			buildActionMask = 2147483647;
			files = (
				C805C1DC27FC370F00544537 /* Preview Assets.xcassets in Resources */,
				C805C23227FDBC5600544537 /* GoogleService-Info.plist in Resources */,
				C805C1D927FC370F00544537 /* Assets.xcassets in Resources */,
			);
			runOnlyForDeploymentPostprocessing = 0;
		};
/* End PBXResourcesBuildPhase section */

/* Begin PBXSourcesBuildPhase section */
		C805C1CD27FC370D00544537 /* Sources */ = {
			isa = PBXSourcesBuildPhase;
			buildActionMask = 2147483647;
			files = (
				C805C244280575B800544537 /* MessageRow.swift in Sources */,
				C827276327FF0BF400ABF4B7 /* UserDao.swift in Sources */,
				C8F4548328114764008023A4 /* RealmChatDao.swift in Sources */,
				C827276727FF0D9D00ABF4B7 /* ChatsView.swift in Sources */,
				C805C240280053AC00544537 /* FirestoreChatDao.swift in Sources */,
				C8DDC641280414CF003987F7 /* AppData.swift in Sources */,
				C805C1D727FC370D00544537 /* ContentView.swift in Sources */,
				C805C22227FC6F4700544537 /* NewChatView.swift in Sources */,
				C81FFB032806F91900B89F49 /* StorageManager.swift in Sources */,
				C8DD355D2806B8A600DE7F75 /* ProfilePic.swift in Sources */,
				C805C23427FDD6C900544537 /* User.swift in Sources */,
				C805C1D527FC370D00544537 /* ChattAppRealmApp.swift in Sources */,
				C805C22527FC71AC00544537 /* ChatRow.swift in Sources */,
				C8838F212812AB3A00B57573 /* RegisterView.swift in Sources */,
				C805C22027FC6EC400544537 /* MessagesView.swift in Sources */,
				C86EA7822806FF3400CDEE79 /* KeyboardManager.swift in Sources */,
				C8838F1F2812AADA00B57573 /* SecureInputView.swift in Sources */,
				C8F454852811476F008023A4 /* RealmMessageDao.swift in Sources */,
				C8F4548728114843008023A4 /* UserManager.swift in Sources */,
				C8F45489281150AF008023A4 /* ManageLoginData.swift in Sources */,
				C8F4548C28119222008023A4 /* NavigateExtension.swift in Sources */,
				C805C23C27FF169C00544537 /* FirestoreMessageDao.swift in Sources */,
				C8838F252812AE8B00B57573 /* ErrorInfo.swift in Sources */,
				C8838F1D28129A2E00B57573 /* ChangePasswordSheet.swift in Sources */,
				C8F67CEE2809BA5700BA02EE /* Reachability.swift in Sources */,
				C81FFB052806FED700B89F49 /* PhotoPicker.swift in Sources */,
				C805C23E27FF17E900544537 /* Message.swift in Sources */,
				C8838F232812AC0C00B57573 /* Validators.swift in Sources */,
				C805C23727FEC08300544537 /* Contact.swift in Sources */,
				C827276527FF0C7600ABF4B7 /* LoginView.swift in Sources */,
				C8CA38F728117E780034F28D /* TimestampFormatter.swift in Sources */,
				C805C24228005A5100544537 /* Chat.swift in Sources */,
				C8DDC643280426B8003987F7 /* UserInfoView.swift in Sources */,
				C805C23927FEC8F000544537 /* FirestoreContactDao.swift in Sources */,
			);
			runOnlyForDeploymentPostprocessing = 0;
		};
/* End PBXSourcesBuildPhase section */

/* Begin XCBuildConfiguration section */
		C805C1DD27FC370F00544537 /* Debug */ = {
			isa = XCBuildConfiguration;
			buildSettings = {
				ALWAYS_SEARCH_USER_PATHS = NO;
				CLANG_ANALYZER_NONNULL = YES;
				CLANG_ANALYZER_NUMBER_OBJECT_CONVERSION = YES_AGGRESSIVE;
				CLANG_CXX_LANGUAGE_STANDARD = "gnu++17";
				CLANG_CXX_LIBRARY = "libc++";
				CLANG_ENABLE_MODULES = YES;
				CLANG_ENABLE_OBJC_ARC = YES;
				CLANG_ENABLE_OBJC_WEAK = YES;
				CLANG_WARN_BLOCK_CAPTURE_AUTORELEASING = YES;
				CLANG_WARN_BOOL_CONVERSION = YES;
				CLANG_WARN_COMMA = YES;
				CLANG_WARN_CONSTANT_CONVERSION = YES;
				CLANG_WARN_DEPRECATED_OBJC_IMPLEMENTATIONS = YES;
				CLANG_WARN_DIRECT_OBJC_ISA_USAGE = YES_ERROR;
				CLANG_WARN_DOCUMENTATION_COMMENTS = YES;
				CLANG_WARN_EMPTY_BODY = YES;
				CLANG_WARN_ENUM_CONVERSION = YES;
				CLANG_WARN_INFINITE_RECURSION = YES;
				CLANG_WARN_INT_CONVERSION = YES;
				CLANG_WARN_NON_LITERAL_NULL_CONVERSION = YES;
				CLANG_WARN_OBJC_IMPLICIT_RETAIN_SELF = YES;
				CLANG_WARN_OBJC_LITERAL_CONVERSION = YES;
				CLANG_WARN_OBJC_ROOT_CLASS = YES_ERROR;
				CLANG_WARN_QUOTED_INCLUDE_IN_FRAMEWORK_HEADER = YES;
				CLANG_WARN_RANGE_LOOP_ANALYSIS = YES;
				CLANG_WARN_STRICT_PROTOTYPES = YES;
				CLANG_WARN_SUSPICIOUS_MOVE = YES;
				CLANG_WARN_UNGUARDED_AVAILABILITY = YES_AGGRESSIVE;
				CLANG_WARN_UNREACHABLE_CODE = YES;
				CLANG_WARN__DUPLICATE_METHOD_MATCH = YES;
				COPY_PHASE_STRIP = NO;
				DEBUG_INFORMATION_FORMAT = dwarf;
				ENABLE_STRICT_OBJC_MSGSEND = YES;
				ENABLE_TESTABILITY = YES;
				GCC_C_LANGUAGE_STANDARD = gnu11;
				GCC_DYNAMIC_NO_PIC = NO;
				GCC_NO_COMMON_BLOCKS = YES;
				GCC_OPTIMIZATION_LEVEL = 0;
				GCC_PREPROCESSOR_DEFINITIONS = (
					"DEBUG=1",
					"$(inherited)",
				);
				GCC_WARN_64_TO_32_BIT_CONVERSION = YES;
				GCC_WARN_ABOUT_RETURN_TYPE = YES_ERROR;
				GCC_WARN_UNDECLARED_SELECTOR = YES;
				GCC_WARN_UNINITIALIZED_AUTOS = YES_AGGRESSIVE;
				GCC_WARN_UNUSED_FUNCTION = YES;
				GCC_WARN_UNUSED_VARIABLE = YES;
				IPHONEOS_DEPLOYMENT_TARGET = 15.2;
				MTL_ENABLE_DEBUG_INFO = INCLUDE_SOURCE;
				MTL_FAST_MATH = YES;
				ONLY_ACTIVE_ARCH = YES;
				SDKROOT = iphoneos;
				SWIFT_ACTIVE_COMPILATION_CONDITIONS = DEBUG;
				SWIFT_OPTIMIZATION_LEVEL = "-Onone";
			};
			name = Debug;
		};
		C805C1DE27FC370F00544537 /* Release */ = {
			isa = XCBuildConfiguration;
			buildSettings = {
				ALWAYS_SEARCH_USER_PATHS = NO;
				CLANG_ANALYZER_NONNULL = YES;
				CLANG_ANALYZER_NUMBER_OBJECT_CONVERSION = YES_AGGRESSIVE;
				CLANG_CXX_LANGUAGE_STANDARD = "gnu++17";
				CLANG_CXX_LIBRARY = "libc++";
				CLANG_ENABLE_MODULES = YES;
				CLANG_ENABLE_OBJC_ARC = YES;
				CLANG_ENABLE_OBJC_WEAK = YES;
				CLANG_WARN_BLOCK_CAPTURE_AUTORELEASING = YES;
				CLANG_WARN_BOOL_CONVERSION = YES;
				CLANG_WARN_COMMA = YES;
				CLANG_WARN_CONSTANT_CONVERSION = YES;
				CLANG_WARN_DEPRECATED_OBJC_IMPLEMENTATIONS = YES;
				CLANG_WARN_DIRECT_OBJC_ISA_USAGE = YES_ERROR;
				CLANG_WARN_DOCUMENTATION_COMMENTS = YES;
				CLANG_WARN_EMPTY_BODY = YES;
				CLANG_WARN_ENUM_CONVERSION = YES;
				CLANG_WARN_INFINITE_RECURSION = YES;
				CLANG_WARN_INT_CONVERSION = YES;
				CLANG_WARN_NON_LITERAL_NULL_CONVERSION = YES;
				CLANG_WARN_OBJC_IMPLICIT_RETAIN_SELF = YES;
				CLANG_WARN_OBJC_LITERAL_CONVERSION = YES;
				CLANG_WARN_OBJC_ROOT_CLASS = YES_ERROR;
				CLANG_WARN_QUOTED_INCLUDE_IN_FRAMEWORK_HEADER = YES;
				CLANG_WARN_RANGE_LOOP_ANALYSIS = YES;
				CLANG_WARN_STRICT_PROTOTYPES = YES;
				CLANG_WARN_SUSPICIOUS_MOVE = YES;
				CLANG_WARN_UNGUARDED_AVAILABILITY = YES_AGGRESSIVE;
				CLANG_WARN_UNREACHABLE_CODE = YES;
				CLANG_WARN__DUPLICATE_METHOD_MATCH = YES;
				COPY_PHASE_STRIP = NO;
				DEBUG_INFORMATION_FORMAT = "dwarf-with-dsym";
				ENABLE_NS_ASSERTIONS = NO;
				ENABLE_STRICT_OBJC_MSGSEND = YES;
				GCC_C_LANGUAGE_STANDARD = gnu11;
				GCC_NO_COMMON_BLOCKS = YES;
				GCC_WARN_64_TO_32_BIT_CONVERSION = YES;
				GCC_WARN_ABOUT_RETURN_TYPE = YES_ERROR;
				GCC_WARN_UNDECLARED_SELECTOR = YES;
				GCC_WARN_UNINITIALIZED_AUTOS = YES_AGGRESSIVE;
				GCC_WARN_UNUSED_FUNCTION = YES;
				GCC_WARN_UNUSED_VARIABLE = YES;
				IPHONEOS_DEPLOYMENT_TARGET = 15.2;
				MTL_ENABLE_DEBUG_INFO = NO;
				MTL_FAST_MATH = YES;
				SDKROOT = iphoneos;
				SWIFT_COMPILATION_MODE = wholemodule;
				SWIFT_OPTIMIZATION_LEVEL = "-O";
				VALIDATE_PRODUCT = YES;
			};
			name = Release;
		};
		C805C1E027FC370F00544537 /* Debug */ = {
			isa = XCBuildConfiguration;
			buildSettings = {
				ASSETCATALOG_COMPILER_APPICON_NAME = AppIcon;
				ASSETCATALOG_COMPILER_GLOBAL_ACCENT_COLOR_NAME = AccentColor;
				CODE_SIGN_STYLE = Automatic;
				CURRENT_PROJECT_VERSION = 1;
				DEVELOPMENT_ASSET_PATHS = "\"ChattAppRealm/Preview Content\"";
				DEVELOPMENT_TEAM = YMKTV89N59;
				ENABLE_PREVIEWS = YES;
				GENERATE_INFOPLIST_FILE = YES;
				INFOPLIST_KEY_UIApplicationSceneManifest_Generation = YES;
				INFOPLIST_KEY_UIApplicationSupportsIndirectInputEvents = YES;
				INFOPLIST_KEY_UILaunchScreen_Generation = YES;
				INFOPLIST_KEY_UISupportedInterfaceOrientations_iPad = "UIInterfaceOrientationPortrait UIInterfaceOrientationPortraitUpsideDown UIInterfaceOrientationLandscapeLeft UIInterfaceOrientationLandscapeRight";
				INFOPLIST_KEY_UISupportedInterfaceOrientations_iPhone = "UIInterfaceOrientationPortrait UIInterfaceOrientationLandscapeLeft UIInterfaceOrientationLandscapeRight";
				LD_RUNPATH_SEARCH_PATHS = (
					"$(inherited)",
					"@executable_path/Frameworks",
				);
				MARKETING_VERSION = 1.0;
				PRODUCT_BUNDLE_IDENTIFIER = com.chattapp.ChattAppRealm;
				PRODUCT_NAME = "$(TARGET_NAME)";
				SWIFT_EMIT_LOC_STRINGS = YES;
				SWIFT_VERSION = 5.0;
				TARGETED_DEVICE_FAMILY = "1,2";
			};
			name = Debug;
		};
		C805C1E127FC370F00544537 /* Release */ = {
			isa = XCBuildConfiguration;
			buildSettings = {
				ASSETCATALOG_COMPILER_APPICON_NAME = AppIcon;
				ASSETCATALOG_COMPILER_GLOBAL_ACCENT_COLOR_NAME = AccentColor;
				CODE_SIGN_STYLE = Automatic;
				CURRENT_PROJECT_VERSION = 1;
				DEVELOPMENT_ASSET_PATHS = "\"ChattAppRealm/Preview Content\"";
				DEVELOPMENT_TEAM = YMKTV89N59;
				ENABLE_PREVIEWS = YES;
				GENERATE_INFOPLIST_FILE = YES;
				INFOPLIST_KEY_UIApplicationSceneManifest_Generation = YES;
				INFOPLIST_KEY_UIApplicationSupportsIndirectInputEvents = YES;
				INFOPLIST_KEY_UILaunchScreen_Generation = YES;
				INFOPLIST_KEY_UISupportedInterfaceOrientations_iPad = "UIInterfaceOrientationPortrait UIInterfaceOrientationPortraitUpsideDown UIInterfaceOrientationLandscapeLeft UIInterfaceOrientationLandscapeRight";
				INFOPLIST_KEY_UISupportedInterfaceOrientations_iPhone = "UIInterfaceOrientationPortrait UIInterfaceOrientationLandscapeLeft UIInterfaceOrientationLandscapeRight";
				LD_RUNPATH_SEARCH_PATHS = (
					"$(inherited)",
					"@executable_path/Frameworks",
				);
				MARKETING_VERSION = 1.0;
				PRODUCT_BUNDLE_IDENTIFIER = com.chattapp.ChattAppRealm;
				PRODUCT_NAME = "$(TARGET_NAME)";
				SWIFT_EMIT_LOC_STRINGS = YES;
				SWIFT_VERSION = 5.0;
				TARGETED_DEVICE_FAMILY = "1,2";
			};
			name = Release;
		};
/* End XCBuildConfiguration section */

/* Begin XCConfigurationList section */
		C805C1CC27FC370D00544537 /* Build configuration list for PBXProject "ChattAppRealm" */ = {
			isa = XCConfigurationList;
			buildConfigurations = (
				C805C1DD27FC370F00544537 /* Debug */,
				C805C1DE27FC370F00544537 /* Release */,
			);
			defaultConfigurationIsVisible = 0;
			defaultConfigurationName = Release;
		};
		C805C1DF27FC370F00544537 /* Build configuration list for PBXNativeTarget "ChattAppRealm" */ = {
			isa = XCConfigurationList;
			buildConfigurations = (
				C805C1E027FC370F00544537 /* Debug */,
				C805C1E127FC370F00544537 /* Release */,
			);
			defaultConfigurationIsVisible = 0;
			defaultConfigurationName = Release;
		};
/* End XCConfigurationList section */

/* Begin XCRemoteSwiftPackageReference section */
		C805C1E227FC3BA600544537 /* XCRemoteSwiftPackageReference "realm-swift" */ = {
			isa = XCRemoteSwiftPackageReference;
			repositoryURL = "https://github.com/realm/realm-swift.git";
			requirement = {
				branch = master;
				kind = branch;
			};
		};
		C805C22627FDBA2C00544537 /* XCRemoteSwiftPackageReference "firebase-ios-sdk" */ = {
			isa = XCRemoteSwiftPackageReference;
			repositoryURL = "https://github.com/firebase/firebase-ios-sdk";
			requirement = {
				kind = upToNextMajorVersion;
				minimumVersion = 8.0.0;
			};
		};
/* End XCRemoteSwiftPackageReference section */

/* Begin XCSwiftPackageProductDependency section */
		C805C1E327FC3BA700544537 /* Realm */ = {
			isa = XCSwiftPackageProductDependency;
			package = C805C1E227FC3BA600544537 /* XCRemoteSwiftPackageReference "realm-swift" */;
			productName = Realm;
		};
		C805C1E527FC3BA700544537 /* RealmSwift */ = {
			isa = XCSwiftPackageProductDependency;
			package = C805C1E227FC3BA600544537 /* XCRemoteSwiftPackageReference "realm-swift" */;
			productName = RealmSwift;
		};
		C805C22727FDBA2D00544537 /* FirebaseAnalytics */ = {
			isa = XCSwiftPackageProductDependency;
			package = C805C22627FDBA2C00544537 /* XCRemoteSwiftPackageReference "firebase-ios-sdk" */;
			productName = FirebaseAnalytics;
		};
		C805C22927FDBA2D00544537 /* FirebaseAuth */ = {
			isa = XCSwiftPackageProductDependency;
			package = C805C22627FDBA2C00544537 /* XCRemoteSwiftPackageReference "firebase-ios-sdk" */;
			productName = FirebaseAuth;
		};
		C805C22B27FDBA2D00544537 /* FirebaseFirestore */ = {
			isa = XCSwiftPackageProductDependency;
			package = C805C22627FDBA2C00544537 /* XCRemoteSwiftPackageReference "firebase-ios-sdk" */;
			productName = FirebaseFirestore;
		};
		C805C22D27FDBA2D00544537 /* FirebaseFirestoreSwift-Beta */ = {
			isa = XCSwiftPackageProductDependency;
			package = C805C22627FDBA2C00544537 /* XCRemoteSwiftPackageReference "firebase-ios-sdk" */;
			productName = "FirebaseFirestoreSwift-Beta";
		};
		C805C22F27FDBA2D00544537 /* FirebaseStorage */ = {
			isa = XCSwiftPackageProductDependency;
			package = C805C22627FDBA2C00544537 /* XCRemoteSwiftPackageReference "firebase-ios-sdk" */;
			productName = FirebaseStorage;
		};
/* End XCSwiftPackageProductDependency section */
	};
	rootObject = C805C1C927FC370D00544537 /* Project object */;
}
